
Microsoft Visual Studio Solution File, Format Version 12.00
Project("{FAE04EC0-301F-11D3-BF4B-00C04F79EFBC}") = "Pro079", "Pro079\Pro079.csproj", "{E7BE54D9-3AE4-46F3-A41B-471A10080B28}"
EndProject
Project("{2150E333-8FDC-42A3-9474-1A3956D46DE8}") = "Modules", "Modules", "{B8D1EE50-F34A-43E0-8306-4125F3E287DD}"
EndProject
Project("{FAE04EC0-301F-11D3-BF4B-00C04F79EFBC}") = "Pro079Chaos", "Modules\Pro079Chaos\Pro079Chaos.csproj", "{404718CB-36ED-4A32-BCEA-D532B2431933}"
EndProject
Project("{2150E333-8FDC-42A3-9474-1A3956D46DE8}") = "Ultimates", "Ultimates", "{610375C9-A16D-496F-9CA0-CFA1F05B08E5}"
EndProject
Project("{FAE04EC0-301F-11D3-BF4B-00C04F79EFBC}") = "Pro079Lockdown", "Ultimates\Pro079Lockdown\Pro079Lockdown.csproj", "{DD9F7592-4BA3-450C-AE03-BFE08C238239}"
EndProject
Project("{FAE04EC0-301F-11D3-BF4B-00C04F79EFBC}") = "Pro079Info", "Modules\Pro079Info\Pro079Info.csproj", "{18F63AD2-B534-4DEB-9FC9-51CE4D0946F6}"
EndProject
Project("{FAE04EC0-301F-11D3-BF4B-00C04F79EFBC}") = "Pro079Tesla", "Modules\Pro079Tesla\Pro079Tesla.csproj", "{62177F50-B5ED-4D29-AE4F-6DF3E4F04E7F}"
EndProject
Project("{FAE04EC0-301F-11D3-BF4B-00C04F79EFBC}") = "Pro079Scp", "Modules\Pro079Scp\Pro079Scp.csproj", "{74469EA4-A30F-4CF1-8B28-DDD115D1A14C}"
EndProject
Project("{FAE04EC0-301F-11D3-BF4B-00C04F79EFBC}") = "Pro079Blackout", "Ultimates\Pro079Blackout\Pro079Blackout.csproj", "{981841AD-627A-4CF0-A296-2A2EB259C656}"
EndProject
Project("{FAE04EC0-301F-11D3-BF4B-00C04F79EFBC}") = "Pro079Teleport", "Modules\Pro079Teleport\Pro079Teleport.csproj", "{8328C84E-EEC2-4FFD-A7AD-7BEF50063D68}"
EndProject
Project("{FAE04EC0-301F-11D3-BF4B-00C04F79EFBC}") = "Pro079Generators", "Modules\Pro079Generators\Pro079Generators.csproj", "{FACF92D4-85C0-4475-BFF9-1BED5FE636DA}"
EndProject
Project("{FAE04EC0-301F-11D3-BF4B-00C04F79EFBC}") = "Pro079Mtf", "Modules\Pro079Mtf\Pro079Mtf.csproj", "{7BA82771-0485-4E24-B2E6-9F140D3FE343}"
EndProject
Project("{FAE04EC0-301F-11D3-BF4B-00C04F79EFBC}") = "Pro079Gas", "Modules\Pro079Gas\Pro079Gas.csproj", "{5D8772C9-EE78-4AC2-84CD-6EA939FB44C1}"
EndProject
Global
	GlobalSection(SolutionConfigurationPlatforms) = preSolution
		Debug|Any CPU = Debug|Any CPU
		Release|Any CPU = Release|Any CPU
	EndGlobalSection
	GlobalSection(ProjectConfigurationPlatforms) = postSolution
		{E7BE54D9-3AE4-46F3-A41B-471A10080B28}.Debug|Any CPU.ActiveCfg = Debug|Any CPU
		{E7BE54D9-3AE4-46F3-A41B-471A10080B28}.Debug|Any CPU.Build.0 = Debug|Any CPU
		{E7BE54D9-3AE4-46F3-A41B-471A10080B28}.Release|Any CPU.ActiveCfg = Release|Any CPU
		{E7BE54D9-3AE4-46F3-A41B-471A10080B28}.Release|Any CPU.Build.0 = Release|Any CPU
		{404718CB-36ED-4A32-BCEA-D532B2431933}.Debug|Any CPU.ActiveCfg = Debug|Any CPU
		{404718CB-36ED-4A32-BCEA-D532B2431933}.Debug|Any CPU.Build.0 = Debug|Any CPU
		{404718CB-36ED-4A32-BCEA-D532B2431933}.Release|Any CPU.ActiveCfg = Release|Any CPU
		{404718CB-36ED-4A32-BCEA-D532B2431933}.Release|Any CPU.Build.0 = Release|Any CPU
		{DD9F7592-4BA3-450C-AE03-BFE08C238239}.Debug|Any CPU.ActiveCfg = Debug|Any CPU
		{DD9F7592-4BA3-450C-AE03-BFE08C238239}.Debug|Any CPU.Build.0 = Debug|Any CPU
		{DD9F7592-4BA3-450C-AE03-BFE08C238239}.Release|Any CPU.ActiveCfg = Release|Any CPU
		{DD9F7592-4BA3-450C-AE03-BFE08C238239}.Release|Any CPU.Build.0 = Release|Any CPU
		{18F63AD2-B534-4DEB-9FC9-51CE4D0946F6}.Debug|Any CPU.ActiveCfg = Debug|Any CPU
		{18F63AD2-B534-4DEB-9FC9-51CE4D0946F6}.Debug|Any CPU.Build.0 = Debug|Any CPU
		{18F63AD2-B534-4DEB-9FC9-51CE4D0946F6}.Release|Any CPU.ActiveCfg = Release|Any CPU
		{18F63AD2-B534-4DEB-9FC9-51CE4D0946F6}.Release|Any CPU.Build.0 = Release|Any CPU
		{62177F50-B5ED-4D29-AE4F-6DF3E4F04E7F}.Debug|Any CPU.ActiveCfg = Debug|Any CPU
		{62177F50-B5ED-4D29-AE4F-6DF3E4F04E7F}.Debug|Any CPU.Build.0 = Debug|Any CPU
		{62177F50-B5ED-4D29-AE4F-6DF3E4F04E7F}.Release|Any CPU.ActiveCfg = Release|Any CPU
		{62177F50-B5ED-4D29-AE4F-6DF3E4F04E7F}.Release|Any CPU.Build.0 = Release|Any CPU
		{74469EA4-A30F-4CF1-8B28-DDD115D1A14C}.Debug|Any CPU.ActiveCfg = Debug|Any CPU
		{74469EA4-A30F-4CF1-8B28-DDD115D1A14C}.Debug|Any CPU.Build.0 = Debug|Any CPU
		{74469EA4-A30F-4CF1-8B28-DDD115D1A14C}.Release|Any CPU.ActiveCfg = Release|Any CPU
		{74469EA4-A30F-4CF1-8B28-DDD115D1A14C}.Release|Any CPU.Build.0 = Release|Any CPU
		{981841AD-627A-4CF0-A296-2A2EB259C656}.Debug|Any CPU.ActiveCfg = Debug|Any CPU
		{981841AD-627A-4CF0-A296-2A2EB259C656}.Debug|Any CPU.Build.0 = Debug|Any CPU
		{981841AD-627A-4CF0-A296-2A2EB259C656}.Release|Any CPU.ActiveCfg = Release|Any CPU
		{981841AD-627A-4CF0-A296-2A2EB259C656}.Release|Any CPU.Build.0 = Release|Any CPU
		{8328C84E-EEC2-4FFD-A7AD-7BEF50063D68}.Debug|Any CPU.ActiveCfg = Debug|Any CPU
		{8328C84E-EEC2-4FFD-A7AD-7BEF50063D68}.Debug|Any CPU.Build.0 = Debug|Any CPU
		{8328C84E-EEC2-4FFD-A7AD-7BEF50063D68}.Release|Any CPU.ActiveCfg = Release|Any CPU
		{8328C84E-EEC2-4FFD-A7AD-7BEF50063D68}.Release|Any CPU.Build.0 = Release|Any CPU
		{FACF92D4-85C0-4475-BFF9-1BED5FE636DA}.Debug|Any CPU.ActiveCfg = Debug|Any CPU
		{FACF92D4-85C0-4475-BFF9-1BED5FE636DA}.Debug|Any CPU.Build.0 = Debug|Any CPU
		{FACF92D4-85C0-4475-BFF9-1BED5FE636DA}.Release|Any CPU.ActiveCfg = Release|Any CPU
		{FACF92D4-85C0-4475-BFF9-1BED5FE636DA}.Release|Any CPU.Build.0 = Release|Any CPU
		{7BA82771-0485-4E24-B2E6-9F140D3FE343}.Debug|Any CPU.ActiveCfg = Debug|Any CPU
		{7BA82771-0485-4E24-B2E6-9F140D3FE343}.Debug|Any CPU.Build.0 = Debug|Any CPU
		{7BA82771-0485-4E24-B2E6-9F140D3FE343}.Release|Any CPU.ActiveCfg = Release|Any CPU
		{7BA82771-0485-4E24-B2E6-9F140D3FE343}.Release|Any CPU.Build.0 = Release|Any CPU
		{5D8772C9-EE78-4AC2-84CD-6EA939FB44C1}.Debug|Any CPU.ActiveCfg = Debug|Any CPU
		{5D8772C9-EE78-4AC2-84CD-6EA939FB44C1}.Debug|Any CPU.Build.0 = Debug|Any CPU
		{5D8772C9-EE78-4AC2-84CD-6EA939FB44C1}.Release|Any CPU.ActiveCfg = Release|Any CPU
		{5D8772C9-EE78-4AC2-84CD-6EA939FB44C1}.Release|Any CPU.Build.0 = Release|Any CPU
	EndGlobalSection
	GlobalSection(NestedProjects) = preSolution
		{404718CB-36ED-4A32-BCEA-D532B2431933} = {B8D1EE50-F34A-43E0-8306-4125F3E287DD}
		{DD9F7592-4BA3-450C-AE03-BFE08C238239} = {610375C9-A16D-496F-9CA0-CFA1F05B08E5}
		{18F63AD2-B534-4DEB-9FC9-51CE4D0946F6} = {B8D1EE50-F34A-43E0-8306-4125F3E287DD}
		{62177F50-B5ED-4D29-AE4F-6DF3E4F04E7F} = {B8D1EE50-F34A-43E0-8306-4125F3E287DD}
		{74469EA4-A30F-4CF1-8B28-DDD115D1A14C} = {B8D1EE50-F34A-43E0-8306-4125F3E287DD}
		{981841AD-627A-4CF0-A296-2A2EB259C656} = {610375C9-A16D-496F-9CA0-CFA1F05B08E5}
		{8328C84E-EEC2-4FFD-A7AD-7BEF50063D68} = {B8D1EE50-F34A-43E0-8306-4125F3E287DD}
		{FACF92D4-85C0-4475-BFF9-1BED5FE636DA} = {B8D1EE50-F34A-43E0-8306-4125F3E287DD}
		{7BA82771-0485-4E24-B2E6-9F140D3FE343} = {B8D1EE50-F34A-43E0-8306-4125F3E287DD}
		{5D8772C9-EE78-4AC2-84CD-6EA939FB44C1} = {B8D1EE50-F34A-43E0-8306-4125F3E287DD}
	EndGlobalSection
EndGlobal
